
Microsoft Visual Studio Solution File, Format Version 12.00
# Visual Studio 15
Project("{FAE04EC0-301F-11D3-BF4B-00C04F79EFBC}") = "MergePlanes", "Assembly-CSharp.csproj", "{BA40F165-2666-59B5-0BC6-1A114E2D9C6D}"
EndProject
Global
	GlobalSection(SolutionConfigurationPlatforms) = preSolution
		Debug|Any CPU = Debug|Any CPU
		Release|Any CPU = Release|Any CPU
	EndGlobalSection
	GlobalSection(ProjectConfigurationPlatforms) = postSolution
		{BA40F165-2666-59B5-0BC6-1A114E2D9C6D}.Debug|Any CPU.ActiveCfg = Debug|Any CPU
		{BA40F165-2666-59B5-0BC6-1A114E2D9C6D}.Debug|Any CPU.Build.0 = Debug|Any CPU
		{BA40F165-2666-59B5-0BC6-1A114E2D9C6D}.Release|Any CPU.ActiveCfg = Release|Any CPU
		{BA40F165-2666-59B5-0BC6-1A114E2D9C6D}.Release|Any CPU.Build.0 = Release|Any CPU
	EndGlobalSection
	GlobalSection(SolutionProperties) = preSolution
		HideSolutionNode = FALSE
	EndGlobalSection
EndGlobal
